
Microsoft Visual Studio Solution File, Format Version 9.00
# Visual C++ Express 2005
Project("{8BC9CEB8-8B4A-11D0-8D11-00A0C91BC942}") = "akrip", "akrip.vcproj", "{EC0BA393-1D1A-4BB3-A208-8AD7117B2056}"
EndProject
Project("{8BC9CEB8-8B4A-11D0-8D11-00A0C91BC942}") = "aspi2", "..\..\test\aspi2\aspi2.vcproj", "{2FA52C36-EE68-434D-AFFF-69D9CF6CE7E8}"
	ProjectSection(ProjectDependencies) = postProject
		{EC0BA393-1D1A-4BB3-A208-8AD7117B2056} = {EC0BA393-1D1A-4BB3-A208-8AD7117B2056}
	EndProjectSection
EndProject
Global
	GlobalSection(SolutionConfigurationPlatforms) = preSolution
		Debug|Win32 = Debug|Win32
		Release|Win32 = Release|Win32
	EndGlobalSection
	GlobalSection(ProjectConfigurationPlatforms) = postSolution
		{EC0BA393-1D1A-4BB3-A208-8AD7117B2056}.Debug|Win32.ActiveCfg = Debug|Win32
		{EC0BA393-1D1A-4BB3-A208-8AD7117B2056}.Debug|Win32.Build.0 = Debug|Win32
		{EC0BA393-1D1A-4BB3-A208-8AD7117B2056}.Release|Win32.ActiveCfg = Release|Win32
		{EC0BA393-1D1A-4BB3-A208-8AD7117B2056}.Release|Win32.Build.0 = Release|Win32
		{2FA52C36-EE68-434D-AFFF-69D9CF6CE7E8}.Debug|Win32.ActiveCfg = Debug|Win32
		{2FA52C36-EE68-434D-AFFF-69D9CF6CE7E8}.Debug|Win32.Build.0 = Debug|Win32
		{2FA52C36-EE68-434D-AFFF-69D9CF6CE7E8}.Release|Win32.ActiveCfg = Release|Win32
		{2FA52C36-EE68-434D-AFFF-69D9CF6CE7E8}.Release|Win32.Build.0 = Release|Win32
	EndGlobalSection
	GlobalSection(SolutionProperties) = preSolution
		HideSolutionNode = FALSE
	EndGlobalSection
EndGlobal
